
Microsoft Visual Studio Solution File, Format Version 12.00
# Visual Studio Version 16
VisualStudioVersion = 16.0.808.3
MinimumVisualStudioVersion = 10.0.40219.1
Project("{FAE04EC0-301F-11D3-BF4B-00C04F79EFBC}") = "Shop.Blazor.Server", "Shop.Blazor\Server\Shop.Blazor.Server.csproj", "{67BD05E7-6E36-48E8-A637-B283E73C0975}"
EndProject
Project("{FAE04EC0-301F-11D3-BF4B-00C04F79EFBC}") = "Shop.Blazor.Client", "Shop.Blazor\Client\Shop.Blazor.Client.csproj", "{AC41FD59-EA99-4EC1-95AC-86556D8191FC}"
EndProject
Project("{FAE04EC0-301F-11D3-BF4B-00C04F79EFBC}") = "Shop.Blazor.Shared", "Shop.Blazor\Shared\Shop.Blazor.Shared.csproj", "{6D9CB18E-6401-4744-9825-190877FF5CB9}"
EndProject
Global
	GlobalSection(SolutionConfigurationPlatforms) = preSolution
		Debug|Any CPU = Debug|Any CPU
		Release|Any CPU = Release|Any CPU
	EndGlobalSection
	GlobalSection(ProjectConfigurationPlatforms) = postSolution
		{67BD05E7-6E36-48E8-A637-B283E73C0975}.Debug|Any CPU.ActiveCfg = Debug|Any CPU
		{67BD05E7-6E36-48E8-A637-B283E73C0975}.Debug|Any CPU.Build.0 = Debug|Any CPU
		{67BD05E7-6E36-48E8-A637-B283E73C0975}.Release|Any CPU.ActiveCfg = Release|Any CPU
		{67BD05E7-6E36-48E8-A637-B283E73C0975}.Release|Any CPU.Build.0 = Release|Any CPU
		{AC41FD59-EA99-4EC1-95AC-86556D8191FC}.Debug|Any CPU.ActiveCfg = Debug|Any CPU
		{AC41FD59-EA99-4EC1-95AC-86556D8191FC}.Debug|Any CPU.Build.0 = Debug|Any CPU
		{AC41FD59-EA99-4EC1-95AC-86556D8191FC}.Release|Any CPU.ActiveCfg = Release|Any CPU
		{AC41FD59-EA99-4EC1-95AC-86556D8191FC}.Release|Any CPU.Build.0 = Release|Any CPU
		{6D9CB18E-6401-4744-9825-190877FF5CB9}.Debug|Any CPU.ActiveCfg = Debug|Any CPU
		{6D9CB18E-6401-4744-9825-190877FF5CB9}.Debug|Any CPU.Build.0 = Debug|Any CPU
		{6D9CB18E-6401-4744-9825-190877FF5CB9}.Release|Any CPU.ActiveCfg = Release|Any CPU
		{6D9CB18E-6401-4744-9825-190877FF5CB9}.Release|Any CPU.Build.0 = Release|Any CPU
	EndGlobalSection
	GlobalSection(SolutionProperties) = preSolution
		HideSolutionNode = FALSE
	EndGlobalSection
	GlobalSection(ExtensibilityGlobals) = postSolution
		SolutionGuid = {B195A40D-298F-4B43-9B54-66CA30C4B94C}
	EndGlobalSection
EndGlobal
